# This file is automatically @generated by Cargo.
# It is not intended for manual editing.
version = 3

[[package]]
name = "cuda"
version = "0.4.0-pre.2"
source = "registry+https://github.com/rust-lang/crates.io-index"
checksum = "9e8ec89d19820da56296d9ae313aa5938d9ca32895e110e66fb36492b9736f13"
dependencies = [
 "static_assertions",
]

[[package]]
name = "cuda-with-ChatGPT"
version = "0.1.0"
dependencies = [
 "cuda",
]

[[package]]
name = "static_assertions"
version = "0.3.4"
source = "registry+https://github.com/rust-lang/crates.io-index"
checksum = "7f3eb36b47e512f8f1c9e3d10c2c1965bc992bd9cdb024fa581e2194501c83d3"
